
Microsoft Visual Studio Solution File, Format Version 12.00
# Visual Studio 15
VisualStudioVersion = 15.0.28307.438
MinimumVisualStudioVersion = 10.0.40219.1
Project("{FAE04EC0-301F-11D3-BF4B-00C04F79EFBC}") = "CachePoc11", "CachePoc11\CachePoc11.csproj", "{D77507CF-A3CA-4BAB-A398-7B672734E3F2}"
EndProject
Project("{9A19103F-16F7-4668-BE54-9A1E7A4F7556}") = "CachePoc20", "CachePoc20\CachePoc20.csproj", "{FB52F44A-3363-4D92-943B-AB7E2BE541D2}"
EndProject
Global
	GlobalSection(SolutionConfigurationPlatforms) = preSolution
		Debug|Any CPU = Debug|Any CPU
		Release|Any CPU = Release|Any CPU
	EndGlobalSection
	GlobalSection(ProjectConfigurationPlatforms) = postSolution
		{D77507CF-A3CA-4BAB-A398-7B672734E3F2}.Debug|Any CPU.ActiveCfg = Debug|Any CPU
		{D77507CF-A3CA-4BAB-A398-7B672734E3F2}.Debug|Any CPU.Build.0 = Debug|Any CPU
		{D77507CF-A3CA-4BAB-A398-7B672734E3F2}.Release|Any CPU.ActiveCfg = Release|Any CPU
		{D77507CF-A3CA-4BAB-A398-7B672734E3F2}.Release|Any CPU.Build.0 = Release|Any CPU
		{FB52F44A-3363-4D92-943B-AB7E2BE541D2}.Debug|Any CPU.ActiveCfg = Debug|Any CPU
		{FB52F44A-3363-4D92-943B-AB7E2BE541D2}.Debug|Any CPU.Build.0 = Debug|Any CPU
		{FB52F44A-3363-4D92-943B-AB7E2BE541D2}.Release|Any CPU.ActiveCfg = Release|Any CPU
		{FB52F44A-3363-4D92-943B-AB7E2BE541D2}.Release|Any CPU.Build.0 = Release|Any CPU
	EndGlobalSection
	GlobalSection(SolutionProperties) = preSolution
		HideSolutionNode = FALSE
	EndGlobalSection
	GlobalSection(ExtensibilityGlobals) = postSolution
		SolutionGuid = {20BDC879-729D-47D4-8D8A-3F602E084245}
	EndGlobalSection
EndGlobal
